{
  "name": "Lab06",
  "lockfileVersion": 2,
  "requires": true,
  "packages": {
    "": {
      "dependencies": {
        "tecsup-mg": "^1.0.0"
      }
    },
    "node_modules/moment": {
      "version": "2.29.4",
      "resolved": "https://registry.npmjs.org/moment/-/moment-2.29.4.tgz",
      "integrity": "sha512-5LC9SOxjSc2HF6vO2CyuTDNivEdoz2IvyJJGj6X8DJ0eFyfszE0QiEd+iXmBvUP3WHxSjFH/vIsA0EN00cgr8w==",
      "engines": {
        "node": "*"
      }
    },
    "node_modules/tecsup-mg": {
      "version": "1.0.0",
      "resolved": "https://registry.npmjs.org/tecsup-mg/-/tecsup-mg-1.0.0.tgz",
      "integrity": "sha512-9GdjFQlY4htWHgPhJ+GTQqZa6SydgCXeWUiTyFRQFkxkhkuImBe0x66U/tFgbWeuE4ftfSi2qU9mrPgS96fuWg==",
      "dependencies": {
        "moment": "^2.29.4"
      }
    }
  },
  "dependencies": {
    "moment": {
      "version": "2.29.4",
      "resolved": "https://registry.npmjs.org/moment/-/moment-2.29.4.tgz",
      "integrity": "sha512-5LC9SOxjSc2HF6vO2CyuTDNivEdoz2IvyJJGj6X8DJ0eFyfszE0QiEd+iXmBvUP3WHxSjFH/vIsA0EN00cgr8w=="
    },
    "tecsup-mg": {
      "version": "1.0.0",
      "resolved": "https://registry.npmjs.org/tecsup-mg/-/tecsup-mg-1.0.0.tgz",
      "integrity": "sha512-9GdjFQlY4htWHgPhJ+GTQqZa6SydgCXeWUiTyFRQFkxkhkuImBe0x66U/tFgbWeuE4ftfSi2qU9mrPgS96fuWg==",
      "requires": {
        "moment": "^2.29.4"
      }
    }
  }
}
